{
  "name": "ts-playground",
  "lockfileVersion": 2,
  "requires": true,
  "packages": {
    "": {
      "dependencies": {
        "@types/faker": "^5.1.7",
        "@types/googlemaps": "^3.43.3"
      }
    },
    "node_modules/@types/faker": {
      "version": "5.1.7",
      "resolved": "https://registry.npmjs.org/@types/faker/-/faker-5.1.7.tgz",
      "integrity": "sha512-ByseCEyhb+64fapaFR/yASUfAU+Ia4LpCnHhoNMQJFSIBvbtFoEZQB0elwrSF/idpKL5OZvmZhCCukGV8Zi22w=="
    },
    "node_modules/@types/googlemaps": {
      "version": "3.43.3",
      "resolved": "https://registry.npmjs.org/@types/googlemaps/-/googlemaps-3.43.3.tgz",
      "integrity": "sha512-ZWNoz/O8MPEpiajvj7QiqCY8tTLFNqNZ/a+s+zTV58wFVNAvvqV4bdGfnsjTb5Cs4V6wEsLrX8XRhmnyYJ2Tdg=="
    }
  },
  "dependencies": {
    "@types/faker": {
      "version": "5.1.7",
      "resolved": "https://registry.npmjs.org/@types/faker/-/faker-5.1.7.tgz",
      "integrity": "sha512-ByseCEyhb+64fapaFR/yASUfAU+Ia4LpCnHhoNMQJFSIBvbtFoEZQB0elwrSF/idpKL5OZvmZhCCukGV8Zi22w=="
    },
    "@types/googlemaps": {
      "version": "3.43.3",
      "resolved": "https://registry.npmjs.org/@types/googlemaps/-/googlemaps-3.43.3.tgz",
      "integrity": "sha512-ZWNoz/O8MPEpiajvj7QiqCY8tTLFNqNZ/a+s+zTV58wFVNAvvqV4bdGfnsjTb5Cs4V6wEsLrX8XRhmnyYJ2Tdg=="
    }
  }
}
