{
  "name": "ts-playground",
  "lockfileVersion": 2,
  "requires": true,
  "packages": {
    "": {
      "dependencies": {
        "@types/faker": "^5.1.7"
      }
    },
    "node_modules/@types/faker": {
      "version": "5.1.7",
      "resolved": "https://registry.npmjs.org/@types/faker/-/faker-5.1.7.tgz",
      "integrity": "sha512-ByseCEyhb+64fapaFR/yASUfAU+Ia4LpCnHhoNMQJFSIBvbtFoEZQB0elwrSF/idpKL5OZvmZhCCukGV8Zi22w=="
    }
  },
  "dependencies": {
    "@types/faker": {
      "version": "5.1.7",
      "resolved": "https://registry.npmjs.org/@types/faker/-/faker-5.1.7.tgz",
      "integrity": "sha512-ByseCEyhb+64fapaFR/yASUfAU+Ia4LpCnHhoNMQJFSIBvbtFoEZQB0elwrSF/idpKL5OZvmZhCCukGV8Zi22w=="
    }
  }
}
